// !$*UTF8*$!
{
	archiveVersion = 1;
	classes = {
	};
	objectVersion = 50;
	objects = {

/* Begin PBXBuildFile section */
		561890C120D7EEB400B72724 /* AppDelegate.swift in Sources */ = {isa = PBXBuildFile; fileRef = 561890C020D7EEB400B72724 /* AppDelegate.swift */; };
		561890C320D7EEB400B72724 /* ViewController.swift in Sources */ = {isa = PBXBuildFile; fileRef = 561890C220D7EEB400B72724 /* ViewController.swift */; };
		561890C620D7EEB400B72724 /* Main.storyboard in Resources */ = {isa = PBXBuildFile; fileRef = 561890C420D7EEB400B72724 /* Main.storyboard */; };
		561890C820D7EEB600B72724 /* Assets.xcassets in Resources */ = {isa = PBXBuildFile; fileRef = 561890C720D7EEB600B72724 /* Assets.xcassets */; };
		561890CB20D7EEB600B72724 /* LaunchScreen.storyboard in Resources */ = {isa = PBXBuildFile; fileRef = 561890C920D7EEB600B72724 /* LaunchScreen.storyboard */; };
		561890D520D7EED800B72724 /* PopupView.swift in Sources */ = {isa = PBXBuildFile; fileRef = 561890D420D7EED800B72724 /* PopupView.swift */; };
/* End PBXBuildFile section */

/* Begin PBXFileReference section */
		561890BD20D7EEB400B72724 /* CustomViews.app */ = {isa = PBXFileReference; explicitFileType = wrapper.application; includeInIndex = 0; path = CustomViews.app; sourceTree = BUILT_PRODUCTS_DIR; };
		561890C020D7EEB400B72724 /* AppDelegate.swift */ = {isa = PBXFileReference; lastKnownFileType = sourcecode.swift; path = AppDelegate.swift; sourceTree = "<group>"; };
		561890C220D7EEB400B72724 /* ViewController.swift */ = {isa = PBXFileReference; lastKnownFileType = sourcecode.swift; path = ViewController.swift; sourceTree = "<group>"; };
		561890C520D7EEB400B72724 /* Base */ = {isa = PBXFileReference; lastKnownFileType = file.storyboard; name = Base; path = Base.lproj/Main.storyboard; sourceTree = "<group>"; };
		561890C720D7EEB600B72724 /* Assets.xcassets */ = {isa = PBXFileReference; lastKnownFileType = folder.assetcatalog; path = Assets.xcassets; sourceTree = "<group>"; };
		561890CA20D7EEB600B72724 /* Base */ = {isa = PBXFileReference; lastKnownFileType = file.storyboard; name = Base; path = Base.lproj/LaunchScreen.storyboard; sourceTree = "<group>"; };
		561890CC20D7EEB600B72724 /* Info.plist */ = {isa = PBXFileReference; lastKnownFileType = text.plist.xml; path = Info.plist; sourceTree = "<group>"; };
		561890D420D7EED800B72724 /* PopupView.swift */ = {isa = PBXFileReference; lastKnownFileType = sourcecode.swift; path = PopupView.swift; sourceTree = "<group>"; };
/* End PBXFileReference section */

/* Begin PBXFrameworksBuildPhase section */
		561890BA20D7EEB400B72724 /* Frameworks */ = {
			isa = PBXFrameworksBuildPhase;
			buildActionMask = 2147483647;
			files = (
			);
			runOnlyForDeploymentPostprocessing = 0;
		};
/* End PBXFrameworksBuildPhase section */

/* Begin PBXGroup section */
		561890B420D7EEB400B72724 = {
			isa = PBXGroup;
			children = (
				561890BF20D7EEB400B72724 /* CustomViews */,
				561890BE20D7EEB400B72724 /* Products */,
			);
			sourceTree = "<group>";
		};
		561890BE20D7EEB400B72724 /* Products */ = {
			isa = PBXGroup;
			children = (
				561890BD20D7EEB400B72724 /* CustomViews.app */,
			);
			name = Products;
			sourceTree = "<group>";
		};
		561890BF20D7EEB400B72724 /* CustomViews */ = {
			isa = PBXGroup;
			children = (
				561890D220D7EEBB00B72724 /* Views */,
				561890C020D7EEB400B72724 /* AppDelegate.swift */,
				561890C220D7EEB400B72724 /* ViewController.swift */,
				561890C420D7EEB400B72724 /* Main.storyboard */,
				561890C720D7EEB600B72724 /* Assets.xcassets */,
				561890C920D7EEB600B72724 /* LaunchScreen.storyboard */,
				561890CC20D7EEB600B72724 /* Info.plist */,
			);
			path = CustomViews;
			sourceTree = "<group>";
		};
		561890D220D7EEBB00B72724 /* Views */ = {
			isa = PBXGroup;
			children = (
				561890D320D7EEC200B72724 /* PopupView */,
			);
			path = Views;
			sourceTree = "<group>";
		};
		561890D320D7EEC200B72724 /* PopupView */ = {
			isa = PBXGroup;
			children = (
				561890D420D7EED800B72724 /* PopupView.swift */,
			);
			path = PopupView;
			sourceTree = "<group>";
		};
/* End PBXGroup section */

/* Begin PBXNativeTarget section */
		561890BC20D7EEB400B72724 /* CustomViews */ = {
			isa = PBXNativeTarget;
			buildConfigurationList = 561890CF20D7EEB600B72724 /* Build configuration list for PBXNativeTarget "CustomViews" */;
			buildPhases = (
				561890B920D7EEB400B72724 /* Sources */,
				561890BA20D7EEB400B72724 /* Frameworks */,
				561890BB20D7EEB400B72724 /* Resources */,
			);
			buildRules = (
			);
			dependencies = (
			);
			name = CustomViews;
			productName = CustomViews;
			productReference = 561890BD20D7EEB400B72724 /* CustomViews.app */;
			productType = "com.apple.product-type.application";
		};
/* End PBXNativeTarget section */

/* Begin PBXProject section */
		561890B520D7EEB400B72724 /* Project object */ = {
			isa = PBXProject;
			attributes = {
				LastSwiftUpdateCheck = 0940;
				LastUpgradeCheck = 0940;
				ORGANIZATIONNAME = "Yura Granchenko";
				TargetAttributes = {
					561890BC20D7EEB400B72724 = {
						CreatedOnToolsVersion = 9.4;
					};
				};
			};
			buildConfigurationList = 561890B820D7EEB400B72724 /* Build configuration list for PBXProject "CustomViews" */;
			compatibilityVersion = "Xcode 9.3";
			developmentRegion = en;
			hasScannedForEncodings = 0;
			knownRegions = (
				en,
				Base,
			);
			mainGroup = 561890B420D7EEB400B72724;
			productRefGroup = 561890BE20D7EEB400B72724 /* Products */;
			projectDirPath = "";
			projectRoot = "";
			targets = (
				561890BC20D7EEB400B72724 /* CustomViews */,
			);
		};
/* End PBXProject section */

/* Begin PBXResourcesBuildPhase section */
		561890BB20D7EEB400B72724 /* Resources */ = {
			isa = PBXResourcesBuildPhase;
			buildActionMask = 2147483647;
			files = (
				561890CB20D7EEB600B72724 /* LaunchScreen.storyboard in Resources */,
				561890C820D7EEB600B72724 /* Assets.xcassets in Resources */,
				561890C620D7EEB400B72724 /* Main.storyboard in Resources */,
			);
			runOnlyForDeploymentPostprocessing = 0;
		};
/* End PBXResourcesBuildPhase section */

/* Begin PBXSourcesBuildPhase section */
		561890B920D7EEB400B72724 /* Sources */ = {
			isa = PBXSourcesBuildPhase;
			buildActionMask = 2147483647;
			files = (
				561890D520D7EED800B72724 /* PopupView.swift in Sources */,
				561890C320D7EEB400B72724 /* ViewController.swift in Sources */,
				561890C120D7EEB400B72724 /* AppDelegate.swift in Sources */,
			);
			runOnlyForDeploymentPostprocessing = 0;
		};
/* End PBXSourcesBuildPhase section */

/* Begin PBXVariantGroup section */
		561890C420D7EEB400B72724 /* Main.storyboard */ = {
			isa = PBXVariantGroup;
			children = (
				561890C520D7EEB400B72724 /* Base */,
			);
			name = Main.storyboard;
			sourceTree = "<group>";
		};
		561890C920D7EEB600B72724 /* LaunchScreen.storyboard */ = {
			isa = PBXVariantGroup;
			children = (
				561890CA20D7EEB600B72724 /* Base */,
			);
			name = LaunchScreen.storyboard;
			sourceTree = "<group>";
		};
/* End PBXVariantGroup section */

/* Begin XCBuildConfiguration section */
		561890CD20D7EEB600B72724 /* Debug */ = {
			isa = XCBuildConfiguration;
			buildSettings = {
				ALWAYS_SEARCH_USER_PATHS = NO;
				CLANG_ANALYZER_NONNULL = YES;
				CLANG_ANALYZER_NUMBER_OBJECT_CONVERSION = YES_AGGRESSIVE;
				CLANG_CXX_LANGUAGE_STANDARD = "gnu++14";
				CLANG_CXX_LIBRARY = "libc++";
				CLANG_ENABLE_MODULES = YES;
				CLANG_ENABLE_OBJC_ARC = YES;
				CLANG_ENABLE_OBJC_WEAK = YES;
				CLANG_WARN_BLOCK_CAPTURE_AUTORELEASING = YES;
				CLANG_WARN_BOOL_CONVERSION = YES;
				CLANG_WARN_COMMA = YES;
				CLANG_WARN_CONSTANT_CONVERSION = YES;
				CLANG_WARN_DEPRECATED_OBJC_IMPLEMENTATIONS = YES;
				CLANG_WARN_DIRECT_OBJC_ISA_USAGE = YES_ERROR;
				CLANG_WARN_DOCUMENTATION_COMMENTS = YES;
				CLANG_WARN_EMPTY_BODY = YES;
				CLANG_WARN_ENUM_CONVERSION = YES;
				CLANG_WARN_INFINITE_RECURSION = YES;
				CLANG_WARN_INT_CONVERSION = YES;
				CLANG_WARN_NON_LITERAL_NULL_CONVERSION = YES;
				CLANG_WARN_OBJC_IMPLICIT_RETAIN_SELF = YES;
				CLANG_WARN_OBJC_LITERAL_CONVERSION = YES;
				CLANG_WARN_OBJC_ROOT_CLASS = YES_ERROR;
				CLANG_WARN_RANGE_LOOP_ANALYSIS = YES;
				CLANG_WARN_STRICT_PROTOTYPES = YES;
				CLANG_WARN_SUSPICIOUS_MOVE = YES;
				CLANG_WARN_UNGUARDED_AVAILABILITY = YES_AGGRESSIVE;
				CLANG_WARN_UNREACHABLE_CODE = YES;
				CLANG_WARN__DUPLICATE_METHOD_MATCH = YES;
				CODE_SIGN_IDENTITY = "iPhone Developer";
				COPY_PHASE_STRIP = NO;
				DEBUG_INFORMATION_FORMAT = dwarf;
				ENABLE_STRICT_OBJC_MSGSEND = YES;
				ENABLE_TESTABILITY = YES;
				GCC_C_LANGUAGE_STANDARD = gnu11;
				GCC_DYNAMIC_NO_PIC = NO;
				GCC_NO_COMMON_BLOCKS = YES;
				GCC_OPTIMIZATION_LEVEL = 0;
				GCC_PREPROCESSOR_DEFINITIONS = (
					"DEBUG=1",
					"$(inherited)",
				);
				GCC_WARN_64_TO_32_BIT_CONVERSION = YES;
				GCC_WARN_ABOUT_RETURN_TYPE = YES_ERROR;
				GCC_WARN_UNDECLARED_SELECTOR = YES;
				GCC_WARN_UNINITIALIZED_AUTOS = YES_AGGRESSIVE;
				GCC_WARN_UNUSED_FUNCTION = YES;
				GCC_WARN_UNUSED_VARIABLE = YES;
				IPHONEOS_DEPLOYMENT_TARGET = 11.4;
				MTL_ENABLE_DEBUG_INFO = YES;
				ONLY_ACTIVE_ARCH = YES;
				SDKROOT = iphoneos;
				SWIFT_ACTIVE_COMPILATION_CONDITIONS = DEBUG;
				SWIFT_OPTIMIZATION_LEVEL = "-Onone";
			};
			name = Debug;
		};
		561890CE20D7EEB600B72724 /* Release */ = {
			isa = XCBuildConfiguration;
			buildSettings = {
				ALWAYS_SEARCH_USER_PATHS = NO;
				CLANG_ANALYZER_NONNULL = YES;
				CLANG_ANALYZER_NUMBER_OBJECT_CONVERSION = YES_AGGRESSIVE;
				CLANG_CXX_LANGUAGE_STANDARD = "gnu++14";
				CLANG_CXX_LIBRARY = "libc++";
				CLANG_ENABLE_MODULES = YES;
				CLANG_ENABLE_OBJC_ARC = YES;
				CLANG_ENABLE_OBJC_WEAK = YES;
				CLANG_WARN_BLOCK_CAPTURE_AUTORELEASING = YES;
				CLANG_WARN_BOOL_CONVERSION = YES;
				CLANG_WARN_COMMA = YES;
				CLANG_WARN_CONSTANT_CONVERSION = YES;
				CLANG_WARN_DEPRECATED_OBJC_IMPLEMENTATIONS = YES;
				CLANG_WARN_DIRECT_OBJC_ISA_USAGE = YES_ERROR;
				CLANG_WARN_DOCUMENTATION_COMMENTS = YES;
				CLANG_WARN_EMPTY_BODY = YES;
				CLANG_WARN_ENUM_CONVERSION = YES;
				CLANG_WARN_INFINITE_RECURSION = YES;
				CLANG_WARN_INT_CONVERSION = YES;
				CLANG_WARN_NON_LITERAL_NULL_CONVERSION = YES;
				CLANG_WARN_OBJC_IMPLICIT_RETAIN_SELF = YES;
				CLANG_WARN_OBJC_LITERAL_CONVERSION = YES;
				CLANG_WARN_OBJC_ROOT_CLASS = YES_ERROR;
				CLANG_WARN_RANGE_LOOP_ANALYSIS = YES;
				CLANG_WARN_STRICT_PROTOTYPES = YES;
				CLANG_WARN_SUSPICIOUS_MOVE = YES;
				CLANG_WARN_UNGUARDED_AVAILABILITY = YES_AGGRESSIVE;
				CLANG_WARN_UNREACHABLE_CODE = YES;
				CLANG_WARN__DUPLICATE_METHOD_MATCH = YES;
				CODE_SIGN_IDENTITY = "iPhone Developer";
				COPY_PHASE_STRIP = NO;
				DEBUG_INFORMATION_FORMAT = "dwarf-with-dsym";
				ENABLE_NS_ASSERTIONS = NO;
				ENABLE_STRICT_OBJC_MSGSEND = YES;
				GCC_C_LANGUAGE_STANDARD = gnu11;
				GCC_NO_COMMON_BLOCKS = YES;
				GCC_WARN_64_TO_32_BIT_CONVERSION = YES;
				GCC_WARN_ABOUT_RETURN_TYPE = YES_ERROR;
				GCC_WARN_UNDECLARED_SELECTOR = YES;
				GCC_WARN_UNINITIALIZED_AUTOS = YES_AGGRESSIVE;
				GCC_WARN_UNUSED_FUNCTION = YES;
				GCC_WARN_UNUSED_VARIABLE = YES;
				IPHONEOS_DEPLOYMENT_TARGET = 11.4;
				MTL_ENABLE_DEBUG_INFO = NO;
				SDKROOT = iphoneos;
				SWIFT_COMPILATION_MODE = wholemodule;
				SWIFT_OPTIMIZATION_LEVEL = "-O";
				VALIDATE_PRODUCT = YES;
			};
			name = Release;
		};
		561890D020D7EEB600B72724 /* Debug */ = {
			isa = XCBuildConfiguration;
			buildSettings = {
				ASSETCATALOG_COMPILER_APPICON_NAME = AppIcon;
				CODE_SIGN_STYLE = Automatic;
				INFOPLIST_FILE = CustomViews/Info.plist;
				LD_RUNPATH_SEARCH_PATHS = (
					"$(inherited)",
					"@executable_path/Frameworks",
				);
				PRODUCT_BUNDLE_IDENTIFIER = Macostik.CustomViews;
				PRODUCT_NAME = "$(TARGET_NAME)";
				SWIFT_VERSION = 4.0;
				TARGETED_DEVICE_FAMILY = "1,2";
			};
			name = Debug;
		};
		561890D120D7EEB600B72724 /* Release */ = {
			isa = XCBuildConfiguration;
			buildSettings = {
				ASSETCATALOG_COMPILER_APPICON_NAME = AppIcon;
				CODE_SIGN_STYLE = Automatic;
				INFOPLIST_FILE = CustomViews/Info.plist;
				LD_RUNPATH_SEARCH_PATHS = (
					"$(inherited)",
					"@executable_path/Frameworks",
				);
				PRODUCT_BUNDLE_IDENTIFIER = Macostik.CustomViews;
				PRODUCT_NAME = "$(TARGET_NAME)";
				SWIFT_VERSION = 4.0;
				TARGETED_DEVICE_FAMILY = "1,2";
			};
			name = Release;
		};
/* End XCBuildConfiguration section */

/* Begin XCConfigurationList section */
		561890B820D7EEB400B72724 /* Build configuration list for PBXProject "CustomViews" */ = {
			isa = XCConfigurationList;
			buildConfigurations = (
				561890CD20D7EEB600B72724 /* Debug */,
				561890CE20D7EEB600B72724 /* Release */,
			);
			defaultConfigurationIsVisible = 0;
			defaultConfigurationName = Release;
		};
		561890CF20D7EEB600B72724 /* Build configuration list for PBXNativeTarget "CustomViews" */ = {
			isa = XCConfigurationList;
			buildConfigurations = (
				561890D020D7EEB600B72724 /* Debug */,
				561890D120D7EEB600B72724 /* Release */,
			);
			defaultConfigurationIsVisible = 0;
			defaultConfigurationName = Release;
		};
/* End XCConfigurationList section */
	};
	rootObject = 561890B520D7EEB400B72724 /* Project object */;
}
